// !$*UTF8*$!
{
	archiveVersion = 1;
	classes = {
	};
	objectVersion = 56;
	objects = {

/* Begin PBXBuildFile section */
		1C497A5D2964D99B00932E38 /* ScrumTimer.swift in Sources */ = {isa = PBXBuildFile; fileRef = 1C497A5C2964D99B00932E38 /* ScrumTimer.swift */; };
		1C497A5F2964DB7D00932E38 /* MeetingFooterView.swift in Sources */ = {isa = PBXBuildFile; fileRef = 1C497A5E2964DB7C00932E38 /* MeetingFooterView.swift */; };
		1C497A612964E07000932E38 /* AVPlayer+Ding.swift in Sources */ = {isa = PBXBuildFile; fileRef = 1C497A602964E07000932E38 /* AVPlayer+Ding.swift */; };
		1C497A632964E13C00932E38 /* ScrumProgressViewStyle.swift in Sources */ = {isa = PBXBuildFile; fileRef = 1C497A622964E13C00932E38 /* ScrumProgressViewStyle.swift */; };
		1C497A652964E60500932E38 /* History.swift in Sources */ = {isa = PBXBuildFile; fileRef = 1C497A642964E60500932E38 /* History.swift */; };
		1C69F2212965045D00B91C62 /* ScrumStore.swift in Sources */ = {isa = PBXBuildFile; fileRef = 1C69F2202965045D00B91C62 /* ScrumStore.swift */; };
		1C69F22329652E4B00B91C62 /* ErrorWrapper.swift in Sources */ = {isa = PBXBuildFile; fileRef = 1C69F22229652E4B00B91C62 /* ErrorWrapper.swift */; };
		1C69F22529652F3F00B91C62 /* ErrorView.swift in Sources */ = {isa = PBXBuildFile; fileRef = 1C69F22429652F3F00B91C62 /* ErrorView.swift */; };
		1C99BD1E296358AF004C7BB9 /* ScrumdingerApp.swift in Sources */ = {isa = PBXBuildFile; fileRef = 1C99BD1D296358AF004C7BB9 /* ScrumdingerApp.swift */; };
		1C99BD20296358AF004C7BB9 /* MeetingView.swift in Sources */ = {isa = PBXBuildFile; fileRef = 1C99BD1F296358AF004C7BB9 /* MeetingView.swift */; };
		1C99BD22296358B1004C7BB9 /* Assets.xcassets in Resources */ = {isa = PBXBuildFile; fileRef = 1C99BD21296358B1004C7BB9 /* Assets.xcassets */; };
		1C99BD26296358B1004C7BB9 /* Preview Assets.xcassets in Resources */ = {isa = PBXBuildFile; fileRef = 1C99BD25296358B1004C7BB9 /* Preview Assets.xcassets */; };
		1C99BD2E29635D74004C7BB9 /* Theme.swift in Sources */ = {isa = PBXBuildFile; fileRef = 1C99BD2D29635D74004C7BB9 /* Theme.swift */; };
		1C99BD3029635ED5004C7BB9 /* DailyScrum.swift in Sources */ = {isa = PBXBuildFile; fileRef = 1C99BD2F29635ED5004C7BB9 /* DailyScrum.swift */; };
		1C99BD3229635FC4004C7BB9 /* CardView.swift in Sources */ = {isa = PBXBuildFile; fileRef = 1C99BD3129635FC4004C7BB9 /* CardView.swift */; };
		1C99BD3429636411004C7BB9 /* TrailingIconLabelStyle.swift in Sources */ = {isa = PBXBuildFile; fileRef = 1C99BD3329636411004C7BB9 /* TrailingIconLabelStyle.swift */; };
		1C99BD36296365B8004C7BB9 /* ScrumsView.swift in Sources */ = {isa = PBXBuildFile; fileRef = 1C99BD35296365B8004C7BB9 /* ScrumsView.swift */; };
		1C99BD3829637096004C7BB9 /* DetailView.swift in Sources */ = {isa = PBXBuildFile; fileRef = 1C99BD3729637096004C7BB9 /* DetailView.swift */; };
		1C99BD3A29639245004C7BB9 /* DetailEditView.swift in Sources */ = {isa = PBXBuildFile; fileRef = 1C99BD3929639245004C7BB9 /* DetailEditView.swift */; };
		1C99BD3C29639E07004C7BB9 /* ThemeView.swift in Sources */ = {isa = PBXBuildFile; fileRef = 1C99BD3B29639E07004C7BB9 /* ThemeView.swift */; };
		1C99BD3E29639F58004C7BB9 /* ThemePicker.swift in Sources */ = {isa = PBXBuildFile; fileRef = 1C99BD3D29639F58004C7BB9 /* ThemePicker.swift */; };
		1C99BD402963A6D7004C7BB9 /* MeetingHeaderView.swift in Sources */ = {isa = PBXBuildFile; fileRef = 1C99BD3F2963A6D6004C7BB9 /* MeetingHeaderView.swift */; };
/* End PBXBuildFile section */

/* Begin PBXFileReference section */
		1C497A5C2964D99B00932E38 /* ScrumTimer.swift */ = {isa = PBXFileReference; lastKnownFileType = sourcecode.swift; path = ScrumTimer.swift; sourceTree = "<group>"; };
		1C497A5E2964DB7C00932E38 /* MeetingFooterView.swift */ = {isa = PBXFileReference; lastKnownFileType = sourcecode.swift; path = MeetingFooterView.swift; sourceTree = "<group>"; };
		1C497A602964E07000932E38 /* AVPlayer+Ding.swift */ = {isa = PBXFileReference; fileEncoding = 4; lastKnownFileType = sourcecode.swift; path = "AVPlayer+Ding.swift"; sourceTree = "<group>"; };
		1C497A622964E13C00932E38 /* ScrumProgressViewStyle.swift */ = {isa = PBXFileReference; fileEncoding = 4; lastKnownFileType = sourcecode.swift; name = ScrumProgressViewStyle.swift; path = Scrumdinger/ScrumProgressViewStyle.swift; sourceTree = "<group>"; };
		1C497A642964E60500932E38 /* History.swift */ = {isa = PBXFileReference; lastKnownFileType = sourcecode.swift; path = History.swift; sourceTree = "<group>"; };
		1C69F2202965045D00B91C62 /* ScrumStore.swift */ = {isa = PBXFileReference; lastKnownFileType = sourcecode.swift; path = ScrumStore.swift; sourceTree = "<group>"; };
		1C69F22229652E4B00B91C62 /* ErrorWrapper.swift */ = {isa = PBXFileReference; lastKnownFileType = sourcecode.swift; path = ErrorWrapper.swift; sourceTree = "<group>"; };
		1C69F22429652F3F00B91C62 /* ErrorView.swift */ = {isa = PBXFileReference; lastKnownFileType = sourcecode.swift; path = ErrorView.swift; sourceTree = "<group>"; };
		1C99BD1A296358AF004C7BB9 /* Scrumdinger.app */ = {isa = PBXFileReference; explicitFileType = wrapper.application; includeInIndex = 0; path = Scrumdinger.app; sourceTree = BUILT_PRODUCTS_DIR; };
		1C99BD1D296358AF004C7BB9 /* ScrumdingerApp.swift */ = {isa = PBXFileReference; lastKnownFileType = sourcecode.swift; path = ScrumdingerApp.swift; sourceTree = "<group>"; };
		1C99BD1F296358AF004C7BB9 /* MeetingView.swift */ = {isa = PBXFileReference; lastKnownFileType = sourcecode.swift; path = MeetingView.swift; sourceTree = "<group>"; };
		1C99BD21296358B1004C7BB9 /* Assets.xcassets */ = {isa = PBXFileReference; lastKnownFileType = folder.assetcatalog; path = Assets.xcassets; sourceTree = "<group>"; };
		1C99BD23296358B1004C7BB9 /* Scrumdinger.entitlements */ = {isa = PBXFileReference; lastKnownFileType = text.plist.entitlements; path = Scrumdinger.entitlements; sourceTree = "<group>"; };
		1C99BD25296358B1004C7BB9 /* Preview Assets.xcassets */ = {isa = PBXFileReference; lastKnownFileType = folder.assetcatalog; path = "Preview Assets.xcassets"; sourceTree = "<group>"; };
		1C99BD2D29635D74004C7BB9 /* Theme.swift */ = {isa = PBXFileReference; lastKnownFileType = sourcecode.swift; path = Theme.swift; sourceTree = "<group>"; };
		1C99BD2F29635ED5004C7BB9 /* DailyScrum.swift */ = {isa = PBXFileReference; lastKnownFileType = sourcecode.swift; path = DailyScrum.swift; sourceTree = "<group>"; };
		1C99BD3129635FC4004C7BB9 /* CardView.swift */ = {isa = PBXFileReference; lastKnownFileType = sourcecode.swift; path = CardView.swift; sourceTree = "<group>"; };
		1C99BD3329636411004C7BB9 /* TrailingIconLabelStyle.swift */ = {isa = PBXFileReference; lastKnownFileType = sourcecode.swift; path = TrailingIconLabelStyle.swift; sourceTree = "<group>"; };
		1C99BD35296365B8004C7BB9 /* ScrumsView.swift */ = {isa = PBXFileReference; lastKnownFileType = sourcecode.swift; path = ScrumsView.swift; sourceTree = "<group>"; };
		1C99BD3729637096004C7BB9 /* DetailView.swift */ = {isa = PBXFileReference; lastKnownFileType = sourcecode.swift; path = DetailView.swift; sourceTree = "<group>"; };
		1C99BD3929639245004C7BB9 /* DetailEditView.swift */ = {isa = PBXFileReference; lastKnownFileType = sourcecode.swift; path = DetailEditView.swift; sourceTree = "<group>"; };
		1C99BD3B29639E07004C7BB9 /* ThemeView.swift */ = {isa = PBXFileReference; lastKnownFileType = sourcecode.swift; path = ThemeView.swift; sourceTree = "<group>"; };
		1C99BD3D29639F58004C7BB9 /* ThemePicker.swift */ = {isa = PBXFileReference; lastKnownFileType = sourcecode.swift; path = ThemePicker.swift; sourceTree = "<group>"; };
		1C99BD3F2963A6D6004C7BB9 /* MeetingHeaderView.swift */ = {isa = PBXFileReference; lastKnownFileType = sourcecode.swift; path = MeetingHeaderView.swift; sourceTree = "<group>"; };
/* End PBXFileReference section */

/* Begin PBXFrameworksBuildPhase section */
		1C99BD17296358AF004C7BB9 /* Frameworks */ = {
			isa = PBXFrameworksBuildPhase;
			buildActionMask = 2147483647;
			files = (
			);
			runOnlyForDeploymentPostprocessing = 0;
		};
/* End PBXFrameworksBuildPhase section */

/* Begin PBXGroup section */
		1C99BD11296358AF004C7BB9 = {
			isa = PBXGroup;
			children = (
				1C69F22429652F3F00B91C62 /* ErrorView.swift */,
				1C497A642964E60500932E38 /* History.swift */,
				1C497A622964E13C00932E38 /* ScrumProgressViewStyle.swift */,
				1C497A5E2964DB7C00932E38 /* MeetingFooterView.swift */,
				1C99BD3F2963A6D6004C7BB9 /* MeetingHeaderView.swift */,
				1C99BD3D29639F58004C7BB9 /* ThemePicker.swift */,
				1C99BD3B29639E07004C7BB9 /* ThemeView.swift */,
				1C99BD3929639245004C7BB9 /* DetailEditView.swift */,
				1C99BD3729637096004C7BB9 /* DetailView.swift */,
				1C99BD1F296358AF004C7BB9 /* MeetingView.swift */,
				1C99BD35296365B8004C7BB9 /* ScrumsView.swift */,
				1C99BD3329636411004C7BB9 /* TrailingIconLabelStyle.swift */,
				1C99BD3129635FC4004C7BB9 /* CardView.swift */,
				1C99BD1C296358AF004C7BB9 /* Scrumdinger */,
				1C99BD1B296358AF004C7BB9 /* Products */,
			);
			sourceTree = "<group>";
		};
		1C99BD1B296358AF004C7BB9 /* Products */ = {
			isa = PBXGroup;
			children = (
				1C99BD1A296358AF004C7BB9 /* Scrumdinger.app */,
			);
			name = Products;
			sourceTree = "<group>";
		};
		1C99BD1C296358AF004C7BB9 /* Scrumdinger */ = {
			isa = PBXGroup;
			children = (
				1C99BD2C29635D57004C7BB9 /* Models */,
				1C99BD1D296358AF004C7BB9 /* ScrumdingerApp.swift */,
				1C99BD21296358B1004C7BB9 /* Assets.xcassets */,
				1C99BD23296358B1004C7BB9 /* Scrumdinger.entitlements */,
				1C99BD24296358B1004C7BB9 /* Preview Content */,
			);
			path = Scrumdinger;
			sourceTree = "<group>";
		};
		1C99BD24296358B1004C7BB9 /* Preview Content */ = {
			isa = PBXGroup;
			children = (
				1C99BD25296358B1004C7BB9 /* Preview Assets.xcassets */,
			);
			path = "Preview Content";
			sourceTree = "<group>";
		};
		1C99BD2C29635D57004C7BB9 /* Models */ = {
			isa = PBXGroup;
			children = (
				1C497A602964E07000932E38 /* AVPlayer+Ding.swift */,
				1C99BD2D29635D74004C7BB9 /* Theme.swift */,
				1C99BD2F29635ED5004C7BB9 /* DailyScrum.swift */,
				1C497A5C2964D99B00932E38 /* ScrumTimer.swift */,
				1C69F2202965045D00B91C62 /* ScrumStore.swift */,
				1C69F22229652E4B00B91C62 /* ErrorWrapper.swift */,
			);
			path = Models;
			sourceTree = "<group>";
		};
/* End PBXGroup section */

/* Begin PBXNativeTarget section */
		1C99BD19296358AF004C7BB9 /* Scrumdinger */ = {
			isa = PBXNativeTarget;
			buildConfigurationList = 1C99BD29296358B1004C7BB9 /* Build configuration list for PBXNativeTarget "Scrumdinger" */;
			buildPhases = (
				1C99BD16296358AF004C7BB9 /* Sources */,
				1C99BD17296358AF004C7BB9 /* Frameworks */,
				1C99BD18296358AF004C7BB9 /* Resources */,
			);
			buildRules = (
			);
			dependencies = (
			);
			name = Scrumdinger;
			productName = Scrumdinger;
			productReference = 1C99BD1A296358AF004C7BB9 /* Scrumdinger.app */;
			productType = "com.apple.product-type.application";
		};
/* End PBXNativeTarget section */

/* Begin PBXProject section */
		1C99BD12296358AF004C7BB9 /* Project object */ = {
			isa = PBXProject;
			attributes = {
				BuildIndependentTargetsInParallel = 1;
				LastSwiftUpdateCheck = 1420;
				LastUpgradeCheck = 1420;
				TargetAttributes = {
					1C99BD19296358AF004C7BB9 = {
						CreatedOnToolsVersion = 14.2;
					};
				};
			};
			buildConfigurationList = 1C99BD15296358AF004C7BB9 /* Build configuration list for PBXProject "Scrumdinger" */;
			compatibilityVersion = "Xcode 14.0";
			developmentRegion = en;
			hasScannedForEncodings = 0;
			knownRegions = (
				en,
				Base,
			);
			mainGroup = 1C99BD11296358AF004C7BB9;
			productRefGroup = 1C99BD1B296358AF004C7BB9 /* Products */;
			projectDirPath = "";
			projectRoot = "";
			targets = (
				1C99BD19296358AF004C7BB9 /* Scrumdinger */,
			);
		};
/* End PBXProject section */

/* Begin PBXResourcesBuildPhase section */
		1C99BD18296358AF004C7BB9 /* Resources */ = {
			isa = PBXResourcesBuildPhase;
			buildActionMask = 2147483647;
			files = (
				1C99BD26296358B1004C7BB9 /* Preview Assets.xcassets in Resources */,
				1C99BD22296358B1004C7BB9 /* Assets.xcassets in Resources */,
			);
			runOnlyForDeploymentPostprocessing = 0;
		};
/* End PBXResourcesBuildPhase section */

/* Begin PBXSourcesBuildPhase section */
		1C99BD16296358AF004C7BB9 /* Sources */ = {
			isa = PBXSourcesBuildPhase;
			buildActionMask = 2147483647;
			files = (
				1C497A652964E60500932E38 /* History.swift in Sources */,
				1C99BD3E29639F58004C7BB9 /* ThemePicker.swift in Sources */,
				1C99BD3029635ED5004C7BB9 /* DailyScrum.swift in Sources */,
				1C497A632964E13C00932E38 /* ScrumProgressViewStyle.swift in Sources */,
				1C69F2212965045D00B91C62 /* ScrumStore.swift in Sources */,
				1C99BD3829637096004C7BB9 /* DetailView.swift in Sources */,
				1C497A5F2964DB7D00932E38 /* MeetingFooterView.swift in Sources */,
				1C497A612964E07000932E38 /* AVPlayer+Ding.swift in Sources */,
				1C99BD402963A6D7004C7BB9 /* MeetingHeaderView.swift in Sources */,
				1C99BD3A29639245004C7BB9 /* DetailEditView.swift in Sources */,
				1C69F22329652E4B00B91C62 /* ErrorWrapper.swift in Sources */,
				1C99BD3429636411004C7BB9 /* TrailingIconLabelStyle.swift in Sources */,
				1C99BD2E29635D74004C7BB9 /* Theme.swift in Sources */,
				1C99BD36296365B8004C7BB9 /* ScrumsView.swift in Sources */,
				1C99BD20296358AF004C7BB9 /* MeetingView.swift in Sources */,
				1C69F22529652F3F00B91C62 /* ErrorView.swift in Sources */,
				1C99BD1E296358AF004C7BB9 /* ScrumdingerApp.swift in Sources */,
				1C99BD3C29639E07004C7BB9 /* ThemeView.swift in Sources */,
				1C99BD3229635FC4004C7BB9 /* CardView.swift in Sources */,
				1C497A5D2964D99B00932E38 /* ScrumTimer.swift in Sources */,
			);
			runOnlyForDeploymentPostprocessing = 0;
		};
/* End PBXSourcesBuildPhase section */

/* Begin XCBuildConfiguration section */
		1C99BD27296358B1004C7BB9 /* Debug */ = {
			isa = XCBuildConfiguration;
			buildSettings = {
				ALWAYS_SEARCH_USER_PATHS = NO;
				CLANG_ANALYZER_NONNULL = YES;
				CLANG_ANALYZER_NUMBER_OBJECT_CONVERSION = YES_AGGRESSIVE;
				CLANG_CXX_LANGUAGE_STANDARD = "gnu++20";
				CLANG_ENABLE_MODULES = YES;
				CLANG_ENABLE_OBJC_ARC = YES;
				CLANG_ENABLE_OBJC_WEAK = YES;
				CLANG_WARN_BLOCK_CAPTURE_AUTORELEASING = YES;
				CLANG_WARN_BOOL_CONVERSION = YES;
				CLANG_WARN_COMMA = YES;
				CLANG_WARN_CONSTANT_CONVERSION = YES;
				CLANG_WARN_DEPRECATED_OBJC_IMPLEMENTATIONS = YES;
				CLANG_WARN_DIRECT_OBJC_ISA_USAGE = YES_ERROR;
				CLANG_WARN_DOCUMENTATION_COMMENTS = YES;
				CLANG_WARN_EMPTY_BODY = YES;
				CLANG_WARN_ENUM_CONVERSION = YES;
				CLANG_WARN_INFINITE_RECURSION = YES;
				CLANG_WARN_INT_CONVERSION = YES;
				CLANG_WARN_NON_LITERAL_NULL_CONVERSION = YES;
				CLANG_WARN_OBJC_IMPLICIT_RETAIN_SELF = YES;
				CLANG_WARN_OBJC_LITERAL_CONVERSION = YES;
				CLANG_WARN_OBJC_ROOT_CLASS = YES_ERROR;
				CLANG_WARN_QUOTED_INCLUDE_IN_FRAMEWORK_HEADER = YES;
				CLANG_WARN_RANGE_LOOP_ANALYSIS = YES;
				CLANG_WARN_STRICT_PROTOTYPES = YES;
				CLANG_WARN_SUSPICIOUS_MOVE = YES;
				CLANG_WARN_UNGUARDED_AVAILABILITY = YES_AGGRESSIVE;
				CLANG_WARN_UNREACHABLE_CODE = YES;
				CLANG_WARN__DUPLICATE_METHOD_MATCH = YES;
				COPY_PHASE_STRIP = NO;
				DEBUG_INFORMATION_FORMAT = dwarf;
				ENABLE_STRICT_OBJC_MSGSEND = YES;
				ENABLE_TESTABILITY = YES;
				GCC_C_LANGUAGE_STANDARD = gnu11;
				GCC_DYNAMIC_NO_PIC = NO;
				GCC_NO_COMMON_BLOCKS = YES;
				GCC_OPTIMIZATION_LEVEL = 0;
				GCC_PREPROCESSOR_DEFINITIONS = (
					"DEBUG=1",
					"$(inherited)",
				);
				GCC_WARN_64_TO_32_BIT_CONVERSION = YES;
				GCC_WARN_ABOUT_RETURN_TYPE = YES_ERROR;
				GCC_WARN_UNDECLARED_SELECTOR = YES;
				GCC_WARN_UNINITIALIZED_AUTOS = YES_AGGRESSIVE;
				GCC_WARN_UNUSED_FUNCTION = YES;
				GCC_WARN_UNUSED_VARIABLE = YES;
				IPHONEOS_DEPLOYMENT_TARGET = 15.0;
				MTL_ENABLE_DEBUG_INFO = INCLUDE_SOURCE;
				MTL_FAST_MATH = YES;
				ONLY_ACTIVE_ARCH = YES;
				SWIFT_ACTIVE_COMPILATION_CONDITIONS = DEBUG;
				SWIFT_OPTIMIZATION_LEVEL = "-Onone";
			};
			name = Debug;
		};
		1C99BD28296358B1004C7BB9 /* Release */ = {
			isa = XCBuildConfiguration;
			buildSettings = {
				ALWAYS_SEARCH_USER_PATHS = NO;
				CLANG_ANALYZER_NONNULL = YES;
				CLANG_ANALYZER_NUMBER_OBJECT_CONVERSION = YES_AGGRESSIVE;
				CLANG_CXX_LANGUAGE_STANDARD = "gnu++20";
				CLANG_ENABLE_MODULES = YES;
				CLANG_ENABLE_OBJC_ARC = YES;
				CLANG_ENABLE_OBJC_WEAK = YES;
				CLANG_WARN_BLOCK_CAPTURE_AUTORELEASING = YES;
				CLANG_WARN_BOOL_CONVERSION = YES;
				CLANG_WARN_COMMA = YES;
				CLANG_WARN_CONSTANT_CONVERSION = YES;
				CLANG_WARN_DEPRECATED_OBJC_IMPLEMENTATIONS = YES;
				CLANG_WARN_DIRECT_OBJC_ISA_USAGE = YES_ERROR;
				CLANG_WARN_DOCUMENTATION_COMMENTS = YES;
				CLANG_WARN_EMPTY_BODY = YES;
				CLANG_WARN_ENUM_CONVERSION = YES;
				CLANG_WARN_INFINITE_RECURSION = YES;
				CLANG_WARN_INT_CONVERSION = YES;
				CLANG_WARN_NON_LITERAL_NULL_CONVERSION = YES;
				CLANG_WARN_OBJC_IMPLICIT_RETAIN_SELF = YES;
				CLANG_WARN_OBJC_LITERAL_CONVERSION = YES;
				CLANG_WARN_OBJC_ROOT_CLASS = YES_ERROR;
				CLANG_WARN_QUOTED_INCLUDE_IN_FRAMEWORK_HEADER = YES;
				CLANG_WARN_RANGE_LOOP_ANALYSIS = YES;
				CLANG_WARN_STRICT_PROTOTYPES = YES;
				CLANG_WARN_SUSPICIOUS_MOVE = YES;
				CLANG_WARN_UNGUARDED_AVAILABILITY = YES_AGGRESSIVE;
				CLANG_WARN_UNREACHABLE_CODE = YES;
				CLANG_WARN__DUPLICATE_METHOD_MATCH = YES;
				COPY_PHASE_STRIP = NO;
				DEBUG_INFORMATION_FORMAT = "dwarf-with-dsym";
				ENABLE_NS_ASSERTIONS = NO;
				ENABLE_STRICT_OBJC_MSGSEND = YES;
				GCC_C_LANGUAGE_STANDARD = gnu11;
				GCC_NO_COMMON_BLOCKS = YES;
				GCC_WARN_64_TO_32_BIT_CONVERSION = YES;
				GCC_WARN_ABOUT_RETURN_TYPE = YES_ERROR;
				GCC_WARN_UNDECLARED_SELECTOR = YES;
				GCC_WARN_UNINITIALIZED_AUTOS = YES_AGGRESSIVE;
				GCC_WARN_UNUSED_FUNCTION = YES;
				GCC_WARN_UNUSED_VARIABLE = YES;
				IPHONEOS_DEPLOYMENT_TARGET = 15.0;
				MTL_ENABLE_DEBUG_INFO = NO;
				MTL_FAST_MATH = YES;
				SWIFT_COMPILATION_MODE = wholemodule;
				SWIFT_OPTIMIZATION_LEVEL = "-O";
			};
			name = Release;
		};
		1C99BD2A296358B1004C7BB9 /* Debug */ = {
			isa = XCBuildConfiguration;
			buildSettings = {
				ASSETCATALOG_COMPILER_APPICON_NAME = AppIcon;
				ASSETCATALOG_COMPILER_GLOBAL_ACCENT_COLOR_NAME = AccentColor;
				CODE_SIGN_ENTITLEMENTS = Scrumdinger/Scrumdinger.entitlements;
				CODE_SIGN_STYLE = Automatic;
				CURRENT_PROJECT_VERSION = 1;
				DEVELOPMENT_ASSET_PATHS = "\"Scrumdinger/Preview Content\"";
				DEVELOPMENT_TEAM = J84CNN35U5;
				ENABLE_HARDENED_RUNTIME = YES;
				ENABLE_PREVIEWS = YES;
				GENERATE_INFOPLIST_FILE = YES;
				"INFOPLIST_KEY_UIApplicationSceneManifest_Generation[sdk=iphoneos*]" = YES;
				"INFOPLIST_KEY_UIApplicationSceneManifest_Generation[sdk=iphonesimulator*]" = YES;
				"INFOPLIST_KEY_UIApplicationSupportsIndirectInputEvents[sdk=iphoneos*]" = YES;
				"INFOPLIST_KEY_UIApplicationSupportsIndirectInputEvents[sdk=iphonesimulator*]" = YES;
				"INFOPLIST_KEY_UILaunchScreen_Generation[sdk=iphoneos*]" = YES;
				"INFOPLIST_KEY_UILaunchScreen_Generation[sdk=iphonesimulator*]" = YES;
				"INFOPLIST_KEY_UIStatusBarStyle[sdk=iphoneos*]" = UIStatusBarStyleDefault;
				"INFOPLIST_KEY_UIStatusBarStyle[sdk=iphonesimulator*]" = UIStatusBarStyleDefault;
				INFOPLIST_KEY_UISupportedInterfaceOrientations_iPad = "UIInterfaceOrientationPortrait UIInterfaceOrientationPortraitUpsideDown UIInterfaceOrientationLandscapeLeft UIInterfaceOrientationLandscapeRight";
				INFOPLIST_KEY_UISupportedInterfaceOrientations_iPhone = "UIInterfaceOrientationPortrait UIInterfaceOrientationLandscapeLeft UIInterfaceOrientationLandscapeRight";
				IPHONEOS_DEPLOYMENT_TARGET = 16.2;
				LD_RUNPATH_SEARCH_PATHS = "@executable_path/Frameworks";
				"LD_RUNPATH_SEARCH_PATHS[sdk=macosx*]" = "@executable_path/../Frameworks";
				MACOSX_DEPLOYMENT_TARGET = 13.0;
				MARKETING_VERSION = 1.0;
				PRODUCT_BUNDLE_IDENTIFIER = apexstudios.Scrumdinger;
				PRODUCT_NAME = "$(TARGET_NAME)";
				SDKROOT = auto;
				SUPPORTED_PLATFORMS = "iphonesimulator iphoneos";
				SWIFT_EMIT_LOC_STRINGS = YES;
				SWIFT_VERSION = 5.0;
				TARGETED_DEVICE_FAMILY = "1,2";
			};
			name = Debug;
		};
		1C99BD2B296358B1004C7BB9 /* Release */ = {
			isa = XCBuildConfiguration;
			buildSettings = {
				ASSETCATALOG_COMPILER_APPICON_NAME = AppIcon;
				ASSETCATALOG_COMPILER_GLOBAL_ACCENT_COLOR_NAME = AccentColor;
				CODE_SIGN_ENTITLEMENTS = Scrumdinger/Scrumdinger.entitlements;
				CODE_SIGN_STYLE = Automatic;
				CURRENT_PROJECT_VERSION = 1;
				DEVELOPMENT_ASSET_PATHS = "\"Scrumdinger/Preview Content\"";
				DEVELOPMENT_TEAM = J84CNN35U5;
				ENABLE_HARDENED_RUNTIME = YES;
				ENABLE_PREVIEWS = YES;
				GENERATE_INFOPLIST_FILE = YES;
				"INFOPLIST_KEY_UIApplicationSceneManifest_Generation[sdk=iphoneos*]" = YES;
				"INFOPLIST_KEY_UIApplicationSceneManifest_Generation[sdk=iphonesimulator*]" = YES;
				"INFOPLIST_KEY_UIApplicationSupportsIndirectInputEvents[sdk=iphoneos*]" = YES;
				"INFOPLIST_KEY_UIApplicationSupportsIndirectInputEvents[sdk=iphonesimulator*]" = YES;
				"INFOPLIST_KEY_UILaunchScreen_Generation[sdk=iphoneos*]" = YES;
				"INFOPLIST_KEY_UILaunchScreen_Generation[sdk=iphonesimulator*]" = YES;
				"INFOPLIST_KEY_UIStatusBarStyle[sdk=iphoneos*]" = UIStatusBarStyleDefault;
				"INFOPLIST_KEY_UIStatusBarStyle[sdk=iphonesimulator*]" = UIStatusBarStyleDefault;
				INFOPLIST_KEY_UISupportedInterfaceOrientations_iPad = "UIInterfaceOrientationPortrait UIInterfaceOrientationPortraitUpsideDown UIInterfaceOrientationLandscapeLeft UIInterfaceOrientationLandscapeRight";
				INFOPLIST_KEY_UISupportedInterfaceOrientations_iPhone = "UIInterfaceOrientationPortrait UIInterfaceOrientationLandscapeLeft UIInterfaceOrientationLandscapeRight";
				IPHONEOS_DEPLOYMENT_TARGET = 16.2;
				LD_RUNPATH_SEARCH_PATHS = "@executable_path/Frameworks";
				"LD_RUNPATH_SEARCH_PATHS[sdk=macosx*]" = "@executable_path/../Frameworks";
				MACOSX_DEPLOYMENT_TARGET = 13.0;
				MARKETING_VERSION = 1.0;
				PRODUCT_BUNDLE_IDENTIFIER = apexstudios.Scrumdinger;
				PRODUCT_NAME = "$(TARGET_NAME)";
				SDKROOT = auto;
				SUPPORTED_PLATFORMS = "iphonesimulator iphoneos";
				SWIFT_EMIT_LOC_STRINGS = YES;
				SWIFT_VERSION = 5.0;
				TARGETED_DEVICE_FAMILY = "1,2";
			};
			name = Release;
		};
/* End XCBuildConfiguration section */

/* Begin XCConfigurationList section */
		1C99BD15296358AF004C7BB9 /* Build configuration list for PBXProject "Scrumdinger" */ = {
			isa = XCConfigurationList;
			buildConfigurations = (
				1C99BD27296358B1004C7BB9 /* Debug */,
				1C99BD28296358B1004C7BB9 /* Release */,
			);
			defaultConfigurationIsVisible = 0;
			defaultConfigurationName = Release;
		};
		1C99BD29296358B1004C7BB9 /* Build configuration list for PBXNativeTarget "Scrumdinger" */ = {
			isa = XCConfigurationList;
			buildConfigurations = (
				1C99BD2A296358B1004C7BB9 /* Debug */,
				1C99BD2B296358B1004C7BB9 /* Release */,
			);
			defaultConfigurationIsVisible = 0;
			defaultConfigurationName = Release;
		};
/* End XCConfigurationList section */
	};
	rootObject = 1C99BD12296358AF004C7BB9 /* Project object */;
}
